Microsoft Visual Studio Solution File, Format Version 12.00
# Visual Studio 2013
VisualStudioVersion = 12.0.0.0
Project("{FAE04EC0-301F-11D3-BF4B-00C04F79EFBC}") = "TestNinja", "TestNinja\TestNinja.csproj", "{7328740E-4B78-464F-8352-65D887F2145F}"
EndProject
Project("{FAE04EC0-301F-11D3-BF4B-00C04F79EFBC}") = "TestNinja.UnitTests", "TestNinja.UnitTests\TestNinja.UnitTests.csproj", "{3F0ADF20-6CF9-4317-A8F7-1D65A5B4BA92}"
EndProject
Global
	GlobalSection(ProjectConfigurationPlatforms) = postSolution
		{7328740E-4B78-464F-8352-65D887F2145F}.default|Any CPU.ActiveCfg = default|Any CPU
		{7328740E-4B78-464F-8352-65D887F2145F}.default|Any CPU.Build.0 = default|Any CPU
		{3F0ADF20-6CF9-4317-A8F7-1D65A5B4BA92}.default|Any CPU.ActiveCfg = Debug|Any CPU
		{3F0ADF20-6CF9-4317-A8F7-1D65A5B4BA92}.default|Any CPU.Build.0 = Debug|Any CPU
	EndGlobalSection
	GlobalSection(SolutionConfigurationPlatforms) = preSolution
		default|Any CPU = default|Any CPU
	EndGlobalSection
EndGlobal
